
Microsoft Visual Studio Solution File, Format Version 12.00
# Visual Studio Version 16
VisualStudioVersion = 16.0.29920.165
MinimumVisualStudioVersion = 15.0.26124.0
Project("{9A19103F-16F7-4668-BE54-9A1E7A4F7556}") = "Google.Cloud.Functions.Framework", "..\src\Google.Cloud.Functions.Framework\Google.Cloud.Functions.Framework.csproj", "{BC5628D6-6C14-4A7B-888C-6AFAED08A187}"
EndProject
Project("{9A19103F-16F7-4668-BE54-9A1E7A4F7556}") = "Google.Cloud.Functions.Invoker", "..\src\Google.Cloud.Functions.Invoker\Google.Cloud.Functions.Invoker.csproj", "{994A5912-B44E-41B6-B086-3A4420EDA8DC}"
EndProject
Project("{9A19103F-16F7-4668-BE54-9A1E7A4F7556}") = "Google.Cloud.Functions.Invoker.Testing", "..\src\Google.Cloud.Functions.Invoker.Testing\Google.Cloud.Functions.Invoker.Testing.csproj", "{40BAC92F-40EA-41AC-852E-D2D04B934243}"
EndProject
Project("{9A19103F-16F7-4668-BE54-9A1E7A4F7556}") = "Google.Cloud.Functions.Examples.SimpleEventFunction", "Google.Cloud.Functions.Examples.SimpleEventFunction\Google.Cloud.Functions.Examples.SimpleEventFunction.csproj", "{31959486-3FA8-4CDF-84E7-109A875C32F6}"
EndProject
Project("{9A19103F-16F7-4668-BE54-9A1E7A4F7556}") = "Google.Cloud.Functions.Examples.SimpleHttpFunction", "Google.Cloud.Functions.Examples.SimpleHttpFunction\Google.Cloud.Functions.Examples.SimpleHttpFunction.csproj", "{41A3F818-E524-46DF-9EFF-1E92201956AA}"
EndProject
Project("{9A19103F-16F7-4668-BE54-9A1E7A4F7556}") = "Google.Cloud.Functions.Examples.IntegrationTests", "Google.Cloud.Functions.Examples.IntegrationTests\Google.Cloud.Functions.Examples.IntegrationTests.csproj", "{79F4BB7D-FB15-4B3D-B618-686D3A265834}"
EndProject
Project("{9A19103F-16F7-4668-BE54-9A1E7A4F7556}") = "Google.Cloud.Functions.Examples.SimpleDependencyInjection", "Google.Cloud.Functions.Examples.SimpleDependencyInjection\Google.Cloud.Functions.Examples.SimpleDependencyInjection.csproj", "{15D388EB-0831-45D1-B276-DF559960E369}"
EndProject
Project("{9A19103F-16F7-4668-BE54-9A1E7A4F7556}") = "Google.Cloud.Functions.Examples.AdvancedDependencyInjection", "Google.Cloud.Functions.Examples.AdvancedDependencyInjection\Google.Cloud.Functions.Examples.AdvancedDependencyInjection.csproj", "{66FE9A41-3495-4FCC-A9E6-1B9EC9721049}"
EndProject
Project("{778DAE3C-4631-46EA-AA77-85C1314464D9}") = "Google.Cloud.Functions.Examples.VbHttpFunction", "Google.Cloud.Functions.Examples.VbHttpFunction\Google.Cloud.Functions.Examples.VbHttpFunction.vbproj", "{0E59A7FD-E219-4B2C-8084-F7DEE4571783}"
EndProject
Project("{778DAE3C-4631-46EA-AA77-85C1314464D9}") = "Google.Cloud.Functions.Examples.VbEventFunction", "Google.Cloud.Functions.Examples.VbEventFunction\Google.Cloud.Functions.Examples.VbEventFunction.vbproj", "{491BBA04-1D7B-420A-8E4A-83A322FBEC5C}"
EndProject
Project("{6EC3EE1D-3C4E-46DD-8F32-0CC8E7565705}") = "Google.Cloud.Functions.Examples.FSharpHttpFunction", "Google.Cloud.Functions.Examples.FSharpHttpFunction\Google.Cloud.Functions.Examples.FSharpHttpFunction.fsproj", "{6B8874A3-E8B5-4ED1-BD58-15213023543C}"
EndProject
Project("{6EC3EE1D-3C4E-46DD-8F32-0CC8E7565705}") = "Google.Cloud.Functions.Examples.FSharpEventFunction", "Google.Cloud.Functions.Examples.FSharpEventFunction\Google.Cloud.Functions.Examples.FSharpEventFunction.fsproj", "{8D95AE54-C3BB-41F8-AC1D-7307DBA01BD1}"
EndProject
Project("{9A19103F-16F7-4668-BE54-9A1E7A4F7556}") = "Google.Cloud.Functions.Examples.TimeZoneConverter", "Google.Cloud.Functions.Examples.TimeZoneConverter\Google.Cloud.Functions.Examples.TimeZoneConverter.csproj", "{A741BB0B-8FA2-4A5F-B62C-169E1E6330FF}"
EndProject
Project("{9A19103F-16F7-4668-BE54-9A1E7A4F7556}") = "Google.Cloud.Functions.Examples.StorageImageAnnotator", "Google.Cloud.Functions.Examples.StorageImageAnnotator\Google.Cloud.Functions.Examples.StorageImageAnnotator.csproj", "{145F7CB3-C097-4996-BB04-A10441BAC99D}"
EndProject
Project("{9A19103F-16F7-4668-BE54-9A1E7A4F7556}") = "Google.Cloud.Functions.Examples.SimpleUntypedEventFunction", "Google.Cloud.Functions.Examples.SimpleUntypedEventFunction\Google.Cloud.Functions.Examples.SimpleUntypedEventFunction.csproj", "{9DBDE0C9-0B1C-43DF-AED7-B7874B0ECC5E}"
EndProject
Project("{6EC3EE1D-3C4E-46DD-8F32-0CC8E7565705}") = "Google.Cloud.Functions.Examples.FSharpUntypedEventFunction", "Google.Cloud.Functions.Examples.FSharpUntypedEventFunction\Google.Cloud.Functions.Examples.FSharpUntypedEventFunction.fsproj", "{D18C8714-CC8A-4D0C-A151-97D5963FBB53}"
EndProject
Project("{778DAE3C-4631-46EA-AA77-85C1314464D9}") = "Google.Cloud.Functions.Examples.VbUntypedEventFunction", "Google.Cloud.Functions.Examples.VbUntypedEventFunction\Google.Cloud.Functions.Examples.VbUntypedEventFunction.vbproj", "{C82DC952-122D-4260-86AA-A84D3137B42C}"
EndProject
Project("{9A19103F-16F7-4668-BE54-9A1E7A4F7556}") = "Google.Cloud.Functions.Examples.Configuration", "Google.Cloud.Functions.Examples.Configuration\Google.Cloud.Functions.Examples.Configuration.csproj", "{5085BF04-084E-4B52-9381-B23A1DAE268B}"
EndProject
Project("{9A19103F-16F7-4668-BE54-9A1E7A4F7556}") = "Google.Cloud.Functions.Examples.Middleware", "Google.Cloud.Functions.Examples.Middleware\Google.Cloud.Functions.Examples.Middleware.csproj", "{F72598CE-DE89-4089-9A78-0E7FA9698D49}"
EndProject
Project("{9A19103F-16F7-4668-BE54-9A1E7A4F7556}") = "Google.Cloud.Functions.Examples.CustomConfiguration", "Google.Cloud.Functions.Examples.CustomConfiguration\Google.Cloud.Functions.Examples.CustomConfiguration.csproj", "{743A84EF-9B19-4E52-9FF1-38DBB54221F3}"
EndProject
Project("{FAE04EC0-301F-11D3-BF4B-00C04F79EFBC}") = "Google.Cloud.Functions.Examples.TestableDependencies", "Google.Cloud.Functions.Examples.TestableDependencies\Google.Cloud.Functions.Examples.TestableDependencies.csproj", "{658EC94D-9A70-4078-8CBD-5FA6CFB0E0EF}"
EndProject
Global
	GlobalSection(SolutionConfigurationPlatforms) = preSolution
		Debug|Any CPU = Debug|Any CPU
		Debug|x64 = Debug|x64
		Debug|x86 = Debug|x86
		Release|Any CPU = Release|Any CPU
		Release|x64 = Release|x64
		Release|x86 = Release|x86
	EndGlobalSection
	GlobalSection(ProjectConfigurationPlatforms) = postSolution
		{BC5628D6-6C14-4A7B-888C-6AFAED08A187}.Debug|Any CPU.ActiveCfg = Debug|Any CPU
		{BC5628D6-6C14-4A7B-888C-6AFAED08A187}.Debug|Any CPU.Build.0 = Debug|Any CPU
		{BC5628D6-6C14-4A7B-888C-6AFAED08A187}.Debug|x64.ActiveCfg = Debug|Any CPU
		{BC5628D6-6C14-4A7B-888C-6AFAED08A187}.Debug|x64.Build.0 = Debug|Any CPU
		{BC5628D6-6C14-4A7B-888C-6AFAED08A187}.Debug|x86.ActiveCfg = Debug|Any CPU
		{BC5628D6-6C14-4A7B-888C-6AFAED08A187}.Debug|x86.Build.0 = Debug|Any CPU
		{BC5628D6-6C14-4A7B-888C-6AFAED08A187}.Release|Any CPU.ActiveCfg = Release|Any CPU
		{BC5628D6-6C14-4A7B-888C-6AFAED08A187}.Release|Any CPU.Build.0 = Release|Any CPU
		{BC5628D6-6C14-4A7B-888C-6AFAED08A187}.Release|x64.ActiveCfg = Release|Any CPU
		{BC5628D6-6C14-4A7B-888C-6AFAED08A187}.Release|x64.Build.0 = Release|Any CPU
		{BC5628D6-6C14-4A7B-888C-6AFAED08A187}.Release|x86.ActiveCfg = Release|Any CPU
		{BC5628D6-6C14-4A7B-888C-6AFAED08A187}.Release|x86.Build.0 = Release|Any CPU
		{994A5912-B44E-41B6-B086-3A4420EDA8DC}.Debug|Any CPU.ActiveCfg = Debug|Any CPU
		{994A5912-B44E-41B6-B086-3A4420EDA8DC}.Debug|Any CPU.Build.0 = Debug|Any CPU
		{994A5912-B44E-41B6-B086-3A4420EDA8DC}.Debug|x64.ActiveCfg = Debug|Any CPU
		{994A5912-B44E-41B6-B086-3A4420EDA8DC}.Debug|x64.Build.0 = Debug|Any CPU
		{994A5912-B44E-41B6-B086-3A4420EDA8DC}.Debug|x86.ActiveCfg = Debug|Any CPU
		{994A5912-B44E-41B6-B086-3A4420EDA8DC}.Debug|x86.Build.0 = Debug|Any CPU
		{994A5912-B44E-41B6-B086-3A4420EDA8DC}.Release|Any CPU.ActiveCfg = Release|Any CPU
		{994A5912-B44E-41B6-B086-3A4420EDA8DC}.Release|Any CPU.Build.0 = Release|Any CPU
		{994A5912-B44E-41B6-B086-3A4420EDA8DC}.Release|x64.ActiveCfg = Release|Any CPU
		{994A5912-B44E-41B6-B086-3A4420EDA8DC}.Release|x64.Build.0 = Release|Any CPU
		{994A5912-B44E-41B6-B086-3A4420EDA8DC}.Release|x86.ActiveCfg = Release|Any CPU
		{994A5912-B44E-41B6-B086-3A4420EDA8DC}.Release|x86.Build.0 = Release|Any CPU
		{40BAC92F-40EA-41AC-852E-D2D04B934243}.Debug|Any CPU.ActiveCfg = Debug|Any CPU
		{40BAC92F-40EA-41AC-852E-D2D04B934243}.Debug|Any CPU.Build.0 = Debug|Any CPU
		{40BAC92F-40EA-41AC-852E-D2D04B934243}.Debug|x64.ActiveCfg = Debug|Any CPU
		{40BAC92F-40EA-41AC-852E-D2D04B934243}.Debug|x64.Build.0 = Debug|Any CPU
		{40BAC92F-40EA-41AC-852E-D2D04B934243}.Debug|x86.ActiveCfg = Debug|Any CPU
		{40BAC92F-40EA-41AC-852E-D2D04B934243}.Debug|x86.Build.0 = Debug|Any CPU
		{40BAC92F-40EA-41AC-852E-D2D04B934243}.Release|Any CPU.ActiveCfg = Release|Any CPU
		{40BAC92F-40EA-41AC-852E-D2D04B934243}.Release|Any CPU.Build.0 = Release|Any CPU
		{40BAC92F-40EA-41AC-852E-D2D04B934243}.Release|x64.ActiveCfg = Release|Any CPU
		{40BAC92F-40EA-41AC-852E-D2D04B934243}.Release|x64.Build.0 = Release|Any CPU
		{40BAC92F-40EA-41AC-852E-D2D04B934243}.Release|x86.ActiveCfg = Release|Any CPU
		{40BAC92F-40EA-41AC-852E-D2D04B934243}.Release|x86.Build.0 = Release|Any CPU
		{31959486-3FA8-4CDF-84E7-109A875C32F6}.Debug|Any CPU.ActiveCfg = Debug|Any CPU
		{31959486-3FA8-4CDF-84E7-109A875C32F6}.Debug|Any CPU.Build.0 = Debug|Any CPU
		{31959486-3FA8-4CDF-84E7-109A875C32F6}.Debug|x64.ActiveCfg = Debug|Any CPU
		{31959486-3FA8-4CDF-84E7-109A875C32F6}.Debug|x64.Build.0 = Debug|Any CPU
		{31959486-3FA8-4CDF-84E7-109A875C32F6}.Debug|x86.ActiveCfg = Debug|Any CPU
		{31959486-3FA8-4CDF-84E7-109A875C32F6}.Debug|x86.Build.0 = Debug|Any CPU
		{31959486-3FA8-4CDF-84E7-109A875C32F6}.Release|Any CPU.ActiveCfg = Release|Any CPU
		{31959486-3FA8-4CDF-84E7-109A875C32F6}.Release|Any CPU.Build.0 = Release|Any CPU
		{31959486-3FA8-4CDF-84E7-109A875C32F6}.Release|x64.ActiveCfg = Release|Any CPU
		{31959486-3FA8-4CDF-84E7-109A875C32F6}.Release|x64.Build.0 = Release|Any CPU
		{31959486-3FA8-4CDF-84E7-109A875C32F6}.Release|x86.ActiveCfg = Release|Any CPU
		{31959486-3FA8-4CDF-84E7-109A875C32F6}.Release|x86.Build.0 = Release|Any CPU
		{41A3F818-E524-46DF-9EFF-1E92201956AA}.Debug|Any CPU.ActiveCfg = Debug|Any CPU
		{41A3F818-E524-46DF-9EFF-1E92201956AA}.Debug|Any CPU.Build.0 = Debug|Any CPU
		{41A3F818-E524-46DF-9EFF-1E92201956AA}.Debug|x64.ActiveCfg = Debug|Any CPU
		{41A3F818-E524-46DF-9EFF-1E92201956AA}.Debug|x64.Build.0 = Debug|Any CPU
		{41A3F818-E524-46DF-9EFF-1E92201956AA}.Debug|x86.ActiveCfg = Debug|Any CPU
		{41A3F818-E524-46DF-9EFF-1E92201956AA}.Debug|x86.Build.0 = Debug|Any CPU
		{41A3F818-E524-46DF-9EFF-1E92201956AA}.Release|Any CPU.ActiveCfg = Release|Any CPU
		{41A3F818-E524-46DF-9EFF-1E92201956AA}.Release|Any CPU.Build.0 = Release|Any CPU
		{41A3F818-E524-46DF-9EFF-1E92201956AA}.Release|x64.ActiveCfg = Release|Any CPU
		{41A3F818-E524-46DF-9EFF-1E92201956AA}.Release|x64.Build.0 = Release|Any CPU
		{41A3F818-E524-46DF-9EFF-1E92201956AA}.Release|x86.ActiveCfg = Release|Any CPU
		{41A3F818-E524-46DF-9EFF-1E92201956AA}.Release|x86.Build.0 = Release|Any CPU
		{79F4BB7D-FB15-4B3D-B618-686D3A265834}.Debug|Any CPU.ActiveCfg = Debug|Any CPU
		{79F4BB7D-FB15-4B3D-B618-686D3A265834}.Debug|Any CPU.Build.0 = Debug|Any CPU
		{79F4BB7D-FB15-4B3D-B618-686D3A265834}.Debug|x64.ActiveCfg = Debug|Any CPU
		{79F4BB7D-FB15-4B3D-B618-686D3A265834}.Debug|x64.Build.0 = Debug|Any CPU
		{79F4BB7D-FB15-4B3D-B618-686D3A265834}.Debug|x86.ActiveCfg = Debug|Any CPU
		{79F4BB7D-FB15-4B3D-B618-686D3A265834}.Debug|x86.Build.0 = Debug|Any CPU
		{79F4BB7D-FB15-4B3D-B618-686D3A265834}.Release|Any CPU.ActiveCfg = Release|Any CPU
		{79F4BB7D-FB15-4B3D-B618-686D3A265834}.Release|Any CPU.Build.0 = Release|Any CPU
		{79F4BB7D-FB15-4B3D-B618-686D3A265834}.Release|x64.ActiveCfg = Release|Any CPU
		{79F4BB7D-FB15-4B3D-B618-686D3A265834}.Release|x64.Build.0 = Release|Any CPU
		{79F4BB7D-FB15-4B3D-B618-686D3A265834}.Release|x86.ActiveCfg = Release|Any CPU
		{79F4BB7D-FB15-4B3D-B618-686D3A265834}.Release|x86.Build.0 = Release|Any CPU
		{15D388EB-0831-45D1-B276-DF559960E369}.Debug|Any CPU.ActiveCfg = Debug|Any CPU
		{15D388EB-0831-45D1-B276-DF559960E369}.Debug|Any CPU.Build.0 = Debug|Any CPU
		{15D388EB-0831-45D1-B276-DF559960E369}.Debug|x64.ActiveCfg = Debug|Any CPU
		{15D388EB-0831-45D1-B276-DF559960E369}.Debug|x64.Build.0 = Debug|Any CPU
		{15D388EB-0831-45D1-B276-DF559960E369}.Debug|x86.ActiveCfg = Debug|Any CPU
		{15D388EB-0831-45D1-B276-DF559960E369}.Debug|x86.Build.0 = Debug|Any CPU
		{15D388EB-0831-45D1-B276-DF559960E369}.Release|Any CPU.ActiveCfg = Release|Any CPU
		{15D388EB-0831-45D1-B276-DF559960E369}.Release|Any CPU.Build.0 = Release|Any CPU
		{15D388EB-0831-45D1-B276-DF559960E369}.Release|x64.ActiveCfg = Release|Any CPU
		{15D388EB-0831-45D1-B276-DF559960E369}.Release|x64.Build.0 = Release|Any CPU
		{15D388EB-0831-45D1-B276-DF559960E369}.Release|x86.ActiveCfg = Release|Any CPU
		{15D388EB-0831-45D1-B276-DF559960E369}.Release|x86.Build.0 = Release|Any CPU
		{66FE9A41-3495-4FCC-A9E6-1B9EC9721049}.Debug|Any CPU.ActiveCfg = Debug|Any CPU
		{66FE9A41-3495-4FCC-A9E6-1B9EC9721049}.Debug|Any CPU.Build.0 = Debug|Any CPU
		{66FE9A41-3495-4FCC-A9E6-1B9EC9721049}.Debug|x64.ActiveCfg = Debug|Any CPU
		{66FE9A41-3495-4FCC-A9E6-1B9EC9721049}.Debug|x64.Build.0 = Debug|Any CPU
		{66FE9A41-3495-4FCC-A9E6-1B9EC9721049}.Debug|x86.ActiveCfg = Debug|Any CPU
		{66FE9A41-3495-4FCC-A9E6-1B9EC9721049}.Debug|x86.Build.0 = Debug|Any CPU
		{66FE9A41-3495-4FCC-A9E6-1B9EC9721049}.Release|Any CPU.ActiveCfg = Release|Any CPU
		{66FE9A41-3495-4FCC-A9E6-1B9EC9721049}.Release|Any CPU.Build.0 = Release|Any CPU
		{66FE9A41-3495-4FCC-A9E6-1B9EC9721049}.Release|x64.ActiveCfg = Release|Any CPU
		{66FE9A41-3495-4FCC-A9E6-1B9EC9721049}.Release|x64.Build.0 = Release|Any CPU
		{66FE9A41-3495-4FCC-A9E6-1B9EC9721049}.Release|x86.ActiveCfg = Release|Any CPU
		{66FE9A41-3495-4FCC-A9E6-1B9EC9721049}.Release|x86.Build.0 = Release|Any CPU
		{0E59A7FD-E219-4B2C-8084-F7DEE4571783}.Debug|Any CPU.ActiveCfg = Debug|Any CPU
		{0E59A7FD-E219-4B2C-8084-F7DEE4571783}.Debug|Any CPU.Build.0 = Debug|Any CPU
		{0E59A7FD-E219-4B2C-8084-F7DEE4571783}.Debug|x64.ActiveCfg = Debug|Any CPU
		{0E59A7FD-E219-4B2C-8084-F7DEE4571783}.Debug|x64.Build.0 = Debug|Any CPU
		{0E59A7FD-E219-4B2C-8084-F7DEE4571783}.Debug|x86.ActiveCfg = Debug|Any CPU
		{0E59A7FD-E219-4B2C-8084-F7DEE4571783}.Debug|x86.Build.0 = Debug|Any CPU
		{0E59A7FD-E219-4B2C-8084-F7DEE4571783}.Release|Any CPU.ActiveCfg = Release|Any CPU
		{0E59A7FD-E219-4B2C-8084-F7DEE4571783}.Release|Any CPU.Build.0 = Release|Any CPU
		{0E59A7FD-E219-4B2C-8084-F7DEE4571783}.Release|x64.ActiveCfg = Release|Any CPU
		{0E59A7FD-E219-4B2C-8084-F7DEE4571783}.Release|x64.Build.0 = Release|Any CPU
		{0E59A7FD-E219-4B2C-8084-F7DEE4571783}.Release|x86.ActiveCfg = Release|Any CPU
		{0E59A7FD-E219-4B2C-8084-F7DEE4571783}.Release|x86.Build.0 = Release|Any CPU
		{491BBA04-1D7B-420A-8E4A-83A322FBEC5C}.Debug|Any CPU.ActiveCfg = Debug|Any CPU
		{491BBA04-1D7B-420A-8E4A-83A322FBEC5C}.Debug|Any CPU.Build.0 = Debug|Any CPU
		{491BBA04-1D7B-420A-8E4A-83A322FBEC5C}.Debug|x64.ActiveCfg = Debug|Any CPU
		{491BBA04-1D7B-420A-8E4A-83A322FBEC5C}.Debug|x64.Build.0 = Debug|Any CPU
		{491BBA04-1D7B-420A-8E4A-83A322FBEC5C}.Debug|x86.ActiveCfg = Debug|Any CPU
		{491BBA04-1D7B-420A-8E4A-83A322FBEC5C}.Debug|x86.Build.0 = Debug|Any CPU
		{491BBA04-1D7B-420A-8E4A-83A322FBEC5C}.Release|Any CPU.ActiveCfg = Release|Any CPU
		{491BBA04-1D7B-420A-8E4A-83A322FBEC5C}.Release|Any CPU.Build.0 = Release|Any CPU
		{491BBA04-1D7B-420A-8E4A-83A322FBEC5C}.Release|x64.ActiveCfg = Release|Any CPU
		{491BBA04-1D7B-420A-8E4A-83A322FBEC5C}.Release|x64.Build.0 = Release|Any CPU
		{491BBA04-1D7B-420A-8E4A-83A322FBEC5C}.Release|x86.ActiveCfg = Release|Any CPU
		{491BBA04-1D7B-420A-8E4A-83A322FBEC5C}.Release|x86.Build.0 = Release|Any CPU
		{6B8874A3-E8B5-4ED1-BD58-15213023543C}.Debug|Any CPU.ActiveCfg = Debug|Any CPU
		{6B8874A3-E8B5-4ED1-BD58-15213023543C}.Debug|Any CPU.Build.0 = Debug|Any CPU
		{6B8874A3-E8B5-4ED1-BD58-15213023543C}.Debug|x64.ActiveCfg = Debug|Any CPU
		{6B8874A3-E8B5-4ED1-BD58-15213023543C}.Debug|x64.Build.0 = Debug|Any CPU
		{6B8874A3-E8B5-4ED1-BD58-15213023543C}.Debug|x86.ActiveCfg = Debug|Any CPU
		{6B8874A3-E8B5-4ED1-BD58-15213023543C}.Debug|x86.Build.0 = Debug|Any CPU
		{6B8874A3-E8B5-4ED1-BD58-15213023543C}.Release|Any CPU.ActiveCfg = Release|Any CPU
		{6B8874A3-E8B5-4ED1-BD58-15213023543C}.Release|Any CPU.Build.0 = Release|Any CPU
		{6B8874A3-E8B5-4ED1-BD58-15213023543C}.Release|x64.ActiveCfg = Release|Any CPU
		{6B8874A3-E8B5-4ED1-BD58-15213023543C}.Release|x64.Build.0 = Release|Any CPU
		{6B8874A3-E8B5-4ED1-BD58-15213023543C}.Release|x86.ActiveCfg = Release|Any CPU
		{6B8874A3-E8B5-4ED1-BD58-15213023543C}.Release|x86.Build.0 = Release|Any CPU
		{8D95AE54-C3BB-41F8-AC1D-7307DBA01BD1}.Debug|Any CPU.ActiveCfg = Debug|Any CPU
		{8D95AE54-C3BB-41F8-AC1D-7307DBA01BD1}.Debug|Any CPU.Build.0 = Debug|Any CPU
		{8D95AE54-C3BB-41F8-AC1D-7307DBA01BD1}.Debug|x64.ActiveCfg = Debug|Any CPU
		{8D95AE54-C3BB-41F8-AC1D-7307DBA01BD1}.Debug|x64.Build.0 = Debug|Any CPU
		{8D95AE54-C3BB-41F8-AC1D-7307DBA01BD1}.Debug|x86.ActiveCfg = Debug|Any CPU
		{8D95AE54-C3BB-41F8-AC1D-7307DBA01BD1}.Debug|x86.Build.0 = Debug|Any CPU
		{8D95AE54-C3BB-41F8-AC1D-7307DBA01BD1}.Release|Any CPU.ActiveCfg = Release|Any CPU
		{8D95AE54-C3BB-41F8-AC1D-7307DBA01BD1}.Release|Any CPU.Build.0 = Release|Any CPU
		{8D95AE54-C3BB-41F8-AC1D-7307DBA01BD1}.Release|x64.ActiveCfg = Release|Any CPU
		{8D95AE54-C3BB-41F8-AC1D-7307DBA01BD1}.Release|x64.Build.0 = Release|Any CPU
		{8D95AE54-C3BB-41F8-AC1D-7307DBA01BD1}.Release|x86.ActiveCfg = Release|Any CPU
		{8D95AE54-C3BB-41F8-AC1D-7307DBA01BD1}.Release|x86.Build.0 = Release|Any CPU
		{A741BB0B-8FA2-4A5F-B62C-169E1E6330FF}.Debug|Any CPU.ActiveCfg = Debug|Any CPU
		{A741BB0B-8FA2-4A5F-B62C-169E1E6330FF}.Debug|Any CPU.Build.0 = Debug|Any CPU
		{A741BB0B-8FA2-4A5F-B62C-169E1E6330FF}.Debug|x64.ActiveCfg = Debug|Any CPU
		{A741BB0B-8FA2-4A5F-B62C-169E1E6330FF}.Debug|x64.Build.0 = Debug|Any CPU
		{A741BB0B-8FA2-4A5F-B62C-169E1E6330FF}.Debug|x86.ActiveCfg = Debug|Any CPU
		{A741BB0B-8FA2-4A5F-B62C-169E1E6330FF}.Debug|x86.Build.0 = Debug|Any CPU
		{A741BB0B-8FA2-4A5F-B62C-169E1E6330FF}.Release|Any CPU.ActiveCfg = Release|Any CPU
		{A741BB0B-8FA2-4A5F-B62C-169E1E6330FF}.Release|Any CPU.Build.0 = Release|Any CPU
		{A741BB0B-8FA2-4A5F-B62C-169E1E6330FF}.Release|x64.ActiveCfg = Release|Any CPU
		{A741BB0B-8FA2-4A5F-B62C-169E1E6330FF}.Release|x64.Build.0 = Release|Any CPU
		{A741BB0B-8FA2-4A5F-B62C-169E1E6330FF}.Release|x86.ActiveCfg = Release|Any CPU
		{A741BB0B-8FA2-4A5F-B62C-169E1E6330FF}.Release|x86.Build.0 = Release|Any CPU
		{145F7CB3-C097-4996-BB04-A10441BAC99D}.Debug|Any CPU.ActiveCfg = Debug|Any CPU
		{145F7CB3-C097-4996-BB04-A10441BAC99D}.Debug|Any CPU.Build.0 = Debug|Any CPU
		{145F7CB3-C097-4996-BB04-A10441BAC99D}.Debug|x64.ActiveCfg = Debug|Any CPU
		{145F7CB3-C097-4996-BB04-A10441BAC99D}.Debug|x64.Build.0 = Debug|Any CPU
		{145F7CB3-C097-4996-BB04-A10441BAC99D}.Debug|x86.ActiveCfg = Debug|Any CPU
		{145F7CB3-C097-4996-BB04-A10441BAC99D}.Debug|x86.Build.0 = Debug|Any CPU
		{145F7CB3-C097-4996-BB04-A10441BAC99D}.Release|Any CPU.ActiveCfg = Release|Any CPU
		{145F7CB3-C097-4996-BB04-A10441BAC99D}.Release|Any CPU.Build.0 = Release|Any CPU
		{145F7CB3-C097-4996-BB04-A10441BAC99D}.Release|x64.ActiveCfg = Release|Any CPU
		{145F7CB3-C097-4996-BB04-A10441BAC99D}.Release|x64.Build.0 = Release|Any CPU
		{145F7CB3-C097-4996-BB04-A10441BAC99D}.Release|x86.ActiveCfg = Release|Any CPU
		{145F7CB3-C097-4996-BB04-A10441BAC99D}.Release|x86.Build.0 = Release|Any CPU
		{9DBDE0C9-0B1C-43DF-AED7-B7874B0ECC5E}.Debug|Any CPU.ActiveCfg = Debug|Any CPU
		{9DBDE0C9-0B1C-43DF-AED7-B7874B0ECC5E}.Debug|Any CPU.Build.0 = Debug|Any CPU
		{9DBDE0C9-0B1C-43DF-AED7-B7874B0ECC5E}.Debug|x64.ActiveCfg = Debug|Any CPU
		{9DBDE0C9-0B1C-43DF-AED7-B7874B0ECC5E}.Debug|x64.Build.0 = Debug|Any CPU
		{9DBDE0C9-0B1C-43DF-AED7-B7874B0ECC5E}.Debug|x86.ActiveCfg = Debug|Any CPU
		{9DBDE0C9-0B1C-43DF-AED7-B7874B0ECC5E}.Debug|x86.Build.0 = Debug|Any CPU
		{9DBDE0C9-0B1C-43DF-AED7-B7874B0ECC5E}.Release|Any CPU.ActiveCfg = Release|Any CPU
		{9DBDE0C9-0B1C-43DF-AED7-B7874B0ECC5E}.Release|Any CPU.Build.0 = Release|Any CPU
		{9DBDE0C9-0B1C-43DF-AED7-B7874B0ECC5E}.Release|x64.ActiveCfg = Release|Any CPU
		{9DBDE0C9-0B1C-43DF-AED7-B7874B0ECC5E}.Release|x64.Build.0 = Release|Any CPU
		{9DBDE0C9-0B1C-43DF-AED7-B7874B0ECC5E}.Release|x86.ActiveCfg = Release|Any CPU
		{9DBDE0C9-0B1C-43DF-AED7-B7874B0ECC5E}.Release|x86.Build.0 = Release|Any CPU
		{D18C8714-CC8A-4D0C-A151-97D5963FBB53}.Debug|Any CPU.ActiveCfg = Debug|Any CPU
		{D18C8714-CC8A-4D0C-A151-97D5963FBB53}.Debug|Any CPU.Build.0 = Debug|Any CPU
		{D18C8714-CC8A-4D0C-A151-97D5963FBB53}.Debug|x64.ActiveCfg = Debug|Any CPU
		{D18C8714-CC8A-4D0C-A151-97D5963FBB53}.Debug|x64.Build.0 = Debug|Any CPU
		{D18C8714-CC8A-4D0C-A151-97D5963FBB53}.Debug|x86.ActiveCfg = Debug|Any CPU
		{D18C8714-CC8A-4D0C-A151-97D5963FBB53}.Debug|x86.Build.0 = Debug|Any CPU
		{D18C8714-CC8A-4D0C-A151-97D5963FBB53}.Release|Any CPU.ActiveCfg = Release|Any CPU
		{D18C8714-CC8A-4D0C-A151-97D5963FBB53}.Release|Any CPU.Build.0 = Release|Any CPU
		{D18C8714-CC8A-4D0C-A151-97D5963FBB53}.Release|x64.ActiveCfg = Release|Any CPU
		{D18C8714-CC8A-4D0C-A151-97D5963FBB53}.Release|x64.Build.0 = Release|Any CPU
		{D18C8714-CC8A-4D0C-A151-97D5963FBB53}.Release|x86.ActiveCfg = Release|Any CPU
		{D18C8714-CC8A-4D0C-A151-97D5963FBB53}.Release|x86.Build.0 = Release|Any CPU
		{C82DC952-122D-4260-86AA-A84D3137B42C}.Debug|Any CPU.ActiveCfg = Debug|Any CPU
		{C82DC952-122D-4260-86AA-A84D3137B42C}.Debug|Any CPU.Build.0 = Debug|Any CPU
		{C82DC952-122D-4260-86AA-A84D3137B42C}.Debug|x64.ActiveCfg = Debug|Any CPU
		{C82DC952-122D-4260-86AA-A84D3137B42C}.Debug|x64.Build.0 = Debug|Any CPU
		{C82DC952-122D-4260-86AA-A84D3137B42C}.Debug|x86.ActiveCfg = Debug|Any CPU
		{C82DC952-122D-4260-86AA-A84D3137B42C}.Debug|x86.Build.0 = Debug|Any CPU
		{C82DC952-122D-4260-86AA-A84D3137B42C}.Release|Any CPU.ActiveCfg = Release|Any CPU
		{C82DC952-122D-4260-86AA-A84D3137B42C}.Release|Any CPU.Build.0 = Release|Any CPU
		{C82DC952-122D-4260-86AA-A84D3137B42C}.Release|x64.ActiveCfg = Release|Any CPU
		{C82DC952-122D-4260-86AA-A84D3137B42C}.Release|x64.Build.0 = Release|Any CPU
		{C82DC952-122D-4260-86AA-A84D3137B42C}.Release|x86.ActiveCfg = Release|Any CPU
		{C82DC952-122D-4260-86AA-A84D3137B42C}.Release|x86.Build.0 = Release|Any CPU
		{5085BF04-084E-4B52-9381-B23A1DAE268B}.Debug|Any CPU.ActiveCfg = Debug|Any CPU
		{5085BF04-084E-4B52-9381-B23A1DAE268B}.Debug|Any CPU.Build.0 = Debug|Any CPU
		{5085BF04-084E-4B52-9381-B23A1DAE268B}.Debug|x64.ActiveCfg = Debug|Any CPU
		{5085BF04-084E-4B52-9381-B23A1DAE268B}.Debug|x64.Build.0 = Debug|Any CPU
		{5085BF04-084E-4B52-9381-B23A1DAE268B}.Debug|x86.ActiveCfg = Debug|Any CPU
		{5085BF04-084E-4B52-9381-B23A1DAE268B}.Debug|x86.Build.0 = Debug|Any CPU
		{5085BF04-084E-4B52-9381-B23A1DAE268B}.Release|Any CPU.ActiveCfg = Release|Any CPU
		{5085BF04-084E-4B52-9381-B23A1DAE268B}.Release|Any CPU.Build.0 = Release|Any CPU
		{5085BF04-084E-4B52-9381-B23A1DAE268B}.Release|x64.ActiveCfg = Release|Any CPU
		{5085BF04-084E-4B52-9381-B23A1DAE268B}.Release|x64.Build.0 = Release|Any CPU
		{5085BF04-084E-4B52-9381-B23A1DAE268B}.Release|x86.ActiveCfg = Release|Any CPU
		{5085BF04-084E-4B52-9381-B23A1DAE268B}.Release|x86.Build.0 = Release|Any CPU
		{F72598CE-DE89-4089-9A78-0E7FA9698D49}.Debug|Any CPU.ActiveCfg = Debug|Any CPU
		{F72598CE-DE89-4089-9A78-0E7FA9698D49}.Debug|Any CPU.Build.0 = Debug|Any CPU
		{F72598CE-DE89-4089-9A78-0E7FA9698D49}.Debug|x64.ActiveCfg = Debug|Any CPU
		{F72598CE-DE89-4089-9A78-0E7FA9698D49}.Debug|x64.Build.0 = Debug|Any CPU
		{F72598CE-DE89-4089-9A78-0E7FA9698D49}.Debug|x86.ActiveCfg = Debug|Any CPU
		{F72598CE-DE89-4089-9A78-0E7FA9698D49}.Debug|x86.Build.0 = Debug|Any CPU
		{F72598CE-DE89-4089-9A78-0E7FA9698D49}.Release|Any CPU.ActiveCfg = Release|Any CPU
		{F72598CE-DE89-4089-9A78-0E7FA9698D49}.Release|Any CPU.Build.0 = Release|Any CPU
		{F72598CE-DE89-4089-9A78-0E7FA9698D49}.Release|x64.ActiveCfg = Release|Any CPU
		{F72598CE-DE89-4089-9A78-0E7FA9698D49}.Release|x64.Build.0 = Release|Any CPU
		{F72598CE-DE89-4089-9A78-0E7FA9698D49}.Release|x86.ActiveCfg = Release|Any CPU
		{F72598CE-DE89-4089-9A78-0E7FA9698D49}.Release|x86.Build.0 = Release|Any CPU
		{743A84EF-9B19-4E52-9FF1-38DBB54221F3}.Debug|Any CPU.ActiveCfg = Debug|Any CPU
		{743A84EF-9B19-4E52-9FF1-38DBB54221F3}.Debug|Any CPU.Build.0 = Debug|Any CPU
		{743A84EF-9B19-4E52-9FF1-38DBB54221F3}.Debug|x64.ActiveCfg = Debug|Any CPU
		{743A84EF-9B19-4E52-9FF1-38DBB54221F3}.Debug|x64.Build.0 = Debug|Any CPU
		{743A84EF-9B19-4E52-9FF1-38DBB54221F3}.Debug|x86.ActiveCfg = Debug|Any CPU
		{743A84EF-9B19-4E52-9FF1-38DBB54221F3}.Debug|x86.Build.0 = Debug|Any CPU
		{743A84EF-9B19-4E52-9FF1-38DBB54221F3}.Release|Any CPU.ActiveCfg = Release|Any CPU
		{743A84EF-9B19-4E52-9FF1-38DBB54221F3}.Release|Any CPU.Build.0 = Release|Any CPU
		{743A84EF-9B19-4E52-9FF1-38DBB54221F3}.Release|x64.ActiveCfg = Release|Any CPU
		{743A84EF-9B19-4E52-9FF1-38DBB54221F3}.Release|x64.Build.0 = Release|Any CPU
		{743A84EF-9B19-4E52-9FF1-38DBB54221F3}.Release|x86.ActiveCfg = Release|Any CPU
		{743A84EF-9B19-4E52-9FF1-38DBB54221F3}.Release|x86.Build.0 = Release|Any CPU
		{658EC94D-9A70-4078-8CBD-5FA6CFB0E0EF}.Debug|Any CPU.ActiveCfg = Debug|Any CPU
		{658EC94D-9A70-4078-8CBD-5FA6CFB0E0EF}.Debug|Any CPU.Build.0 = Debug|Any CPU
		{658EC94D-9A70-4078-8CBD-5FA6CFB0E0EF}.Debug|x64.ActiveCfg = Debug|Any CPU
		{658EC94D-9A70-4078-8CBD-5FA6CFB0E0EF}.Debug|x64.Build.0 = Debug|Any CPU
		{658EC94D-9A70-4078-8CBD-5FA6CFB0E0EF}.Debug|x86.ActiveCfg = Debug|Any CPU
		{658EC94D-9A70-4078-8CBD-5FA6CFB0E0EF}.Debug|x86.Build.0 = Debug|Any CPU
		{658EC94D-9A70-4078-8CBD-5FA6CFB0E0EF}.Release|Any CPU.ActiveCfg = Release|Any CPU
		{658EC94D-9A70-4078-8CBD-5FA6CFB0E0EF}.Release|Any CPU.Build.0 = Release|Any CPU
		{658EC94D-9A70-4078-8CBD-5FA6CFB0E0EF}.Release|x64.ActiveCfg = Release|Any CPU
		{658EC94D-9A70-4078-8CBD-5FA6CFB0E0EF}.Release|x64.Build.0 = Release|Any CPU
		{658EC94D-9A70-4078-8CBD-5FA6CFB0E0EF}.Release|x86.ActiveCfg = Release|Any CPU
		{658EC94D-9A70-4078-8CBD-5FA6CFB0E0EF}.Release|x86.Build.0 = Release|Any CPU
	EndGlobalSection
	GlobalSection(SolutionProperties) = preSolution
		HideSolutionNode = FALSE
	EndGlobalSection
	GlobalSection(ExtensibilityGlobals) = postSolution
		SolutionGuid = {5F37E942-2732-43FA-8B0B-DFCF09CE999A}
	EndGlobalSection
EndGlobal
